
Microsoft Visual Studio Solution File, Format Version 12.00
# Visual Studio Version 16
VisualStudioVersion = 16.0.30413.136
MinimumVisualStudioVersion = 10.0.40219.1
Project("{FAE04EC0-301F-11D3-BF4B-00C04F79EFBC}") = "ConsoleDojo", "ConsoleDojo\ConsoleDojo.csproj", "{E5C4E9BF-89E4-44E3-819B-BDCBD9A12CEE}"
EndProject
Project("{FAE04EC0-301F-11D3-BF4B-00C04F79EFBC}") = "DojoTests", "DojoTests\DojoTests.csproj", "{0F452E9E-DC53-4B6B-936A-CA3A11EF06B2}"
EndProject
Global
	GlobalSection(SolutionConfigurationPlatforms) = preSolution
		Debug|Any CPU = Debug|Any CPU
		Release|Any CPU = Release|Any CPU
	EndGlobalSection
	GlobalSection(ProjectConfigurationPlatforms) = postSolution
		{E5C4E9BF-89E4-44E3-819B-BDCBD9A12CEE}.Debug|Any CPU.ActiveCfg = Debug|Any CPU
		{E5C4E9BF-89E4-44E3-819B-BDCBD9A12CEE}.Debug|Any CPU.Build.0 = Debug|Any CPU
		{E5C4E9BF-89E4-44E3-819B-BDCBD9A12CEE}.Release|Any CPU.ActiveCfg = Release|Any CPU
		{E5C4E9BF-89E4-44E3-819B-BDCBD9A12CEE}.Release|Any CPU.Build.0 = Release|Any CPU
		{0F452E9E-DC53-4B6B-936A-CA3A11EF06B2}.Debug|Any CPU.ActiveCfg = Debug|Any CPU
		{0F452E9E-DC53-4B6B-936A-CA3A11EF06B2}.Debug|Any CPU.Build.0 = Debug|Any CPU
		{0F452E9E-DC53-4B6B-936A-CA3A11EF06B2}.Release|Any CPU.ActiveCfg = Release|Any CPU
		{0F452E9E-DC53-4B6B-936A-CA3A11EF06B2}.Release|Any CPU.Build.0 = Release|Any CPU
	EndGlobalSection
	GlobalSection(SolutionProperties) = preSolution
		HideSolutionNode = FALSE
	EndGlobalSection
	GlobalSection(ExtensibilityGlobals) = postSolution
		SolutionGuid = {2EA8F52B-9839-4F6C-A17F-1676C70F57B9}
	EndGlobalSection
EndGlobal
